<?xml version="1.0" encoding="utf-8"?>
<Project ToolsVersion="4.0" xmlns="http://schemas.microsoft.com/developer/msbuild/2003">
  <ItemGroup>
    <Filter Include="소스 파일">
      <UniqueIdentifier>{4FC737F1-C7A5-4376-A066-2A32D752A2FF}</UniqueIdentifier>
      <Extensions>cpp;c;cc;cxx;c++;def;odl;idl;hpj;bat;asm;asmx</Extensions>
    </Filter>
    <Filter Include="헤더 파일">
      <UniqueIdentifier>{93995380-89BD-4b04-88EB-625FBE52EBFB}</UniqueIdentifier>
      <Extensions>h;hh;hpp;hxx;h++;hm;inl;inc;ipp;xsd</Extensions>
    </Filter>
    <Filter Include="리소스 파일">
      <UniqueIdentifier>{67DA6AB6-F800-4c08-8B7A-83BB121AAD01}</UniqueIdentifier>
      <Extensions>rc;ico;cur;bmp;dlg;rc2;rct;bin;rgs;gif;jpg;jpeg;jpe;resx;tiff;tif;png;wav;mfcribbon-ms</Extensions>
    </Filter>
    <Filter Include="MainGame">
      <UniqueIdentifier>{c41c9b98-a31b-4d9e-82a2-bfabc2c89dda}</UniqueIdentifier>
    </Filter>
    <Filter Include="FrameWork">
      <UniqueIdentifier>{125a9a4b-d6cf-4037-9e54-0fb4519c206d}</UniqueIdentifier>
    </Filter>
    <Filter Include="FrameWork\Random">
      <UniqueIdentifier>{219329fd-0bdf-4ce2-b382-6095da14c0ed}</UniqueIdentifier>
    </Filter>
    <Filter Include="FrameWork\Input">
      <UniqueIdentifier>{75cd5072-d518-4bc6-841c-5675d8848ae3}</UniqueIdentifier>
    </Filter>
    <Filter Include="FrameWork\Image">
      <UniqueIdentifier>{4ad6b531-7d7b-4111-be06-f2bad4da87c4}</UniqueIdentifier>
    </Filter>
    <Filter Include="FrameWork\Figure">
      <UniqueIdentifier>{c81da49d-f8e8-47d3-831a-e79e4d881ce0}</UniqueIdentifier>
    </Filter>
    <Filter Include="FrameWork\Math">
      <UniqueIdentifier>{fd572bdf-356e-468e-a803-eca354b8868c}</UniqueIdentifier>
    </Filter>
    <Filter Include="FrameWork\ImageManager">
      <UniqueIdentifier>{595cc926-f5ed-4cbd-ae5b-5afef7a3c034}</UniqueIdentifier>
    </Filter>
    <Filter Include="FrameWork\GameObject">
      <UniqueIdentifier>{a19f892f-52cd-4850-9a33-9c2165a1e4d6}</UniqueIdentifier>
    </Filter>
    <Filter Include="FrameWork\Camera">
      <UniqueIdentifier>{d52a9290-4164-4636-89a3-4c2bffdd3c23}</UniqueIdentifier>
    </Filter>
    <Filter Include="FrameWork\SoundManager">
      <UniqueIdentifier>{e2a38dc5-4980-41b4-b73a-d784af0dc78d}</UniqueIdentifier>
    </Filter>
    <Filter Include="FrameWork\Time">
      <UniqueIdentifier>{c320e730-2234-46c8-bdc1-828700d121ea}</UniqueIdentifier>
    </Filter>
    <Filter Include="FrameWork\ObjectManager">
      <UniqueIdentifier>{6215046f-ec51-44bf-97c0-c412b278199e}</UniqueIdentifier>
    </Filter>
    <Filter Include="FrameWork\Scene">
      <UniqueIdentifier>{1c4af559-3b64-424a-b909-e41be6ac5c3f}</UniqueIdentifier>
    </Filter>
    <Filter Include="MainGame\Scene">
      <UniqueIdentifier>{aa9c857f-4c08-41fa-988a-b6dd3143474c}</UniqueIdentifier>
    </Filter>
    <Filter Include="FrameWork\Animation">
      <UniqueIdentifier>{4e941a03-cb9b-4e38-ab9a-e5525b61b9ae}</UniqueIdentifier>
    </Filter>
    <Filter Include="MainGame\Object">
      <UniqueIdentifier>{dd6cd637-c9b4-4dd0-bb6e-5f1aef095a25}</UniqueIdentifier>
    </Filter>
    <Filter Include="FrameWork\GameEvent">
      <UniqueIdentifier>{d1911068-58c6-4da3-9516-415c40175f80}</UniqueIdentifier>
    </Filter>
    <Filter Include="MainGame\Tile">
      <UniqueIdentifier>{2d45677b-91ef-4a61-a1a2-d5401ea479aa}</UniqueIdentifier>
    </Filter>
    <Filter Include="FrameWork\Command">
      <UniqueIdentifier>{a053923a-1adb-4858-9b4c-0444db8eb3b6}</UniqueIdentifier>
    </Filter>
    <Filter Include="FrameWork\Gizmo">
      <UniqueIdentifier>{8da33e9b-ba62-442e-9306-3566db3c97a0}</UniqueIdentifier>
    </Filter>
    <Filter Include="FrameWork\ImageD2D">
      <UniqueIdentifier>{d98cca70-9fa6-4eb8-8f7c-a8ce118acd07}</UniqueIdentifier>
    </Filter>
    <Filter Include="FrameWork\D2D">
      <UniqueIdentifier>{3ed860f3-ee0a-4b06-89d1-95be56a0fc30}</UniqueIdentifier>
    </Filter>
    <Filter Include="MainGame\Object\Enemy">
      <UniqueIdentifier>{67db523c-7cf5-41cc-ab2b-f71d136059a2}</UniqueIdentifier>
    </Filter>
    <Filter Include="MainGame\Object\Enemy\FireBoss">
      <UniqueIdentifier>{cf57a609-9fee-4caa-8dd4-82a8fe61b3ad}</UniqueIdentifier>
    </Filter>
    <Filter Include="MainGame\Object\Skill">
      <UniqueIdentifier>{f157eafd-9c6b-4d80-a358-4d73e7c8a010}</UniqueIdentifier>
    </Filter>
    <Filter Include="MainGame\Object\Effect">
      <UniqueIdentifier>{76fc8eaf-0247-4d18-9e28-89a37f62a032}</UniqueIdentifier>
    </Filter>
    <Filter Include="MainGame\Object\Button">
      <UniqueIdentifier>{7954765f-ed8c-4ac1-a411-63a66f838cef}</UniqueIdentifier>
    </Filter>
    <Filter Include="MainGame\Object\SkillManager">
      <UniqueIdentifier>{e7cf2638-80d1-4995-b692-7fb8f2474dc1}</UniqueIdentifier>
    </Filter>
    <Filter Include="MainGame\Object\Structure">
      <UniqueIdentifier>{24c6a2fb-cdd2-492c-9514-aa8eccf43fd2}</UniqueIdentifier>
    </Filter>
    <Filter Include="FrameWork\MovingObject">
      <UniqueIdentifier>{146c50c2-4691-4190-8705-154f551ed5ad}</UniqueIdentifier>
    </Filter>
    <Filter Include="MainGame\Object\Enemy\MonsetObject">
      <UniqueIdentifier>{d546738c-d667-4064-9ff9-7701aeedfa2b}</UniqueIdentifier>
    </Filter>
    <Filter Include="FrameWork\PathFinder">
      <UniqueIdentifier>{f064ed55-5dba-4064-a86c-88a6b58cb7e4}</UniqueIdentifier>
    </Filter>
    <Filter Include="FrameWork\Load">
      <UniqueIdentifier>{b57ab8f1-10be-42e1-b0a5-3876a412a024}</UniqueIdentifier>
    </Filter>
    <Filter Include="MainGame\Object\UserInterface">
      <UniqueIdentifier>{3cd43136-54a9-4c8b-8c72-9ded246acc09}</UniqueIdentifier>
    </Filter>
    <Filter Include="MainGame\Object\ParticleManager">
      <UniqueIdentifier>{cb3b9d0d-fc85-4c8e-bfc7-d71aa7b03ea7}</UniqueIdentifier>
    </Filter>
    <Filter Include="MainGame\Object\UI">
      <UniqueIdentifier>{a4162ea1-74a2-4af3-ac93-ae700914db91}</UniqueIdentifier>
    </Filter>
    <Filter Include="MainGame\RandomMapGeneration">
      <UniqueIdentifier>{cb862db3-c771-4c4a-aa21-b01c435818b4}</UniqueIdentifier>
    </Filter>
    <Filter Include="MainGame\Object\NPC">
      <UniqueIdentifier>{e4c395f7-9118-45f5-b927-f513bd7ccdd7}</UniqueIdentifier>
    </Filter>
    <Filter Include="MainGame\Object\Player">
      <UniqueIdentifier>{5fcb1c73-0516-4c7b-936c-d66ce5fe1f65}</UniqueIdentifier>
    </Filter>
    <Filter Include="FrameWork\Soundset">
      <UniqueIdentifier>{52576a19-df2c-4db9-a7d8-652150af7787}</UniqueIdentifier>
    </Filter>
    <Filter Include="MainGame\Object\Storage">
      <UniqueIdentifier>{67f04111-0534-450f-8025-063aefdc5e6a}</UniqueIdentifier>
    </Filter>
  </ItemGroup>
  <ItemGroup>
    <ClInclude Include="framework.h">
      <Filter>헤더 파일</Filter>
    </ClInclude>
    <ClInclude Include="targetver.h">
      <Filter>헤더 파일</Filter>
    </ClInclude>
    <ClInclude Include="Resource.h">
      <Filter>헤더 파일</Filter>
    </ClInclude>
    <ClInclude Include="01_WinMain.h">
      <Filter>헤더 파일</Filter>
    </ClInclude>
    <ClInclude Include="pch.h">
      <Filter>헤더 파일</Filter>
    </ClInclude>
    <ClInclude Include="MainGame.h">
      <Filter>MainGame</Filter>
    </ClInclude>
    <ClInclude Include="Random.h">
      <Filter>FrameWork\Random</Filter>
    </ClInclude>
    <ClInclude Include="Input.h">
      <Filter>FrameWork\Input</Filter>
    </ClInclude>
    <ClInclude Include="Image.h">
      <Filter>FrameWork\Image</Filter>
    </ClInclude>
    <ClInclude Include="Figure.h">
      <Filter>FrameWork\Figure</Filter>
    </ClInclude>
    <ClInclude Include="Math.h">
      <Filter>FrameWork\Math</Filter>
    </ClInclude>
    <ClInclude Include="DefineHeader.h">
      <Filter>헤더 파일</Filter>
    </ClInclude>
    <ClInclude Include="ImageManager.h">
      <Filter>FrameWork\ImageManager</Filter>
    </ClInclude>
    <ClInclude Include="GameObject.h">
      <Filter>FrameWork\GameObject</Filter>
    </ClInclude>
    <ClInclude Include="Camera.h">
      <Filter>FrameWork\Camera</Filter>
    </ClInclude>
    <ClInclude Include="CameraManager.h">
      <Filter>FrameWork\Camera</Filter>
    </ClInclude>
    <ClInclude Include="Time.h">
      <Filter>FrameWork\Time</Filter>
    </ClInclude>
    <ClInclude Include="SoundPlayer.h">
      <Filter>FrameWork\SoundManager</Filter>
    </ClInclude>
    <ClInclude Include="ObjectManager.h">
      <Filter>FrameWork\ObjectManager</Filter>
    </ClInclude>
    <ClInclude Include="Scene.h">
      <Filter>FrameWork\Scene</Filter>
    </ClInclude>
    <ClInclude Include="SceneManager.h">
      <Filter>FrameWork\Scene</Filter>
    </ClInclude>
    <ClInclude Include="Animation.h">
      <Filter>FrameWork\Animation</Filter>
    </ClInclude>
    <ClInclude Include="GameEvent.h">
      <Filter>FrameWork\GameEvent</Filter>
    </ClInclude>
    <ClInclude Include="GameEventManager.h">
      <Filter>FrameWork\GameEvent</Filter>
    </ClInclude>
    <ClInclude Include="Tile.h">
      <Filter>MainGame\Tile</Filter>
    </ClInclude>
    <ClInclude Include="ICommand.h">
      <Filter>FrameWork\Command</Filter>
    </ClInclude>
    <ClInclude Include="TilePallete.h">
      <Filter>MainGame\Tile</Filter>
    </ClInclude>
    <ClInclude Include="Gizmo.h">
      <Filter>FrameWork\Gizmo</Filter>
    </ClInclude>
    <ClInclude Include="D2DRenderer.h">
      <Filter>FrameWork\D2D</Filter>
    </ClInclude>
    <ClInclude Include="Vector2.h">
      <Filter>FrameWork\Math</Filter>
    </ClInclude>
    <ClInclude Include="Scene_MapTool.h">
      <Filter>MainGame\Scene</Filter>
    </ClInclude>
    <ClInclude Include="Button.h">
      <Filter>MainGame\Object\Button</Filter>
    </ClInclude>
    <ClInclude Include="Scene_Tutorial.h">
      <Filter>MainGame\Scene</Filter>
    </ClInclude>
    <ClInclude Include="Player.h">
      <Filter>MainGame\Object\Player</Filter>
    </ClInclude>
    <ClInclude Include="SkillManager.h">
      <Filter>MainGame\Object\SkillManager</Filter>
    </ClInclude>
    <ClInclude Include="Structure.h">
      <Filter>MainGame\Object\Structure</Filter>
    </ClInclude>
    <ClInclude Include="MovingObject.h">
      <Filter>FrameWork\MovingObject</Filter>
    </ClInclude>
    <ClInclude Include="MonsterObject.h">
      <Filter>MainGame\Object\Enemy\MonsetObject</Filter>
    </ClInclude>
    <ClInclude Include="TileMap.h">
      <Filter>MainGame\Tile</Filter>
    </ClInclude>
    <ClInclude Include="Monster_FireBoss.h">
      <Filter>MainGame\Object\Enemy\FireBoss</Filter>
    </ClInclude>
    <ClInclude Include="Skill_FireBall.h">
      <Filter>MainGame\Object\Skill</Filter>
    </ClInclude>
    <ClInclude Include="Skill_Flame.h">
      <Filter>MainGame\Object\Skill</Filter>
    </ClInclude>
    <ClInclude Include="PathFinder.h">
      <Filter>FrameWork\PathFinder</Filter>
    </ClInclude>
    <ClInclude Include="Effect_BurnMark.h">
      <Filter>MainGame\Object\Effect</Filter>
    </ClInclude>
    <ClInclude Include="Effect_FireWing.h">
      <Filter>MainGame\Object\Effect</Filter>
    </ClInclude>
    <ClInclude Include="Effect_HitSpark.h">
      <Filter>MainGame\Object\Effect</Filter>
    </ClInclude>
    <ClInclude Include="Effect_MagicCircle.h">
      <Filter>MainGame\Object\Effect</Filter>
    </ClInclude>
    <ClInclude Include="Skill_Meteor.h">
      <Filter>MainGame\Object\Skill</Filter>
    </ClInclude>
    <ClInclude Include="Monster_BigZombie.h">
      <Filter>MainGame\Object\Enemy</Filter>
    </ClInclude>
    <ClInclude Include="Monster_Golem.h">
      <Filter>MainGame\Object\Enemy</Filter>
    </ClInclude>
    <ClInclude Include="Monster_Mazition.h">
      <Filter>MainGame\Object\Enemy</Filter>
    </ClInclude>
    <ClInclude Include="Monster_MazitionBullet.h">
      <Filter>MainGame\Object\Enemy</Filter>
    </ClInclude>
    <ClInclude Include="Monster_MuscleMan.h">
      <Filter>MainGame\Object\Enemy</Filter>
    </ClInclude>
    <ClInclude Include="Monster_RapidZombie.h">
      <Filter>MainGame\Object\Enemy</Filter>
    </ClInclude>
    <ClInclude Include="Monster_Slime.h">
      <Filter>MainGame\Object\Enemy</Filter>
    </ClInclude>
    <ClInclude Include="Monster_SpearMan.h">
      <Filter>MainGame\Object\Enemy</Filter>
    </ClInclude>
    <ClInclude Include="Monster_SwoardMan.h">
      <Filter>MainGame\Object\Enemy</Filter>
    </ClInclude>
    <ClInclude Include="Monster_Ward.h">
      <Filter>MainGame\Object\Enemy</Filter>
    </ClInclude>
    <ClInclude Include="Monster_Zombie.h">
      <Filter>MainGame\Object\Enemy</Filter>
    </ClInclude>
    <ClInclude Include="Skill_IceSword.h">
      <Filter>MainGame\Object\Skill</Filter>
    </ClInclude>
    <ClInclude Include="Skill_WindSlash.h">
      <Filter>MainGame\Object\Skill</Filter>
    </ClInclude>
    <ClInclude Include="SkillObject.h">
      <Filter>MainGame\Object\Skill</Filter>
    </ClInclude>
    <ClInclude Include="Skill_IceSpear.h">
      <Filter>MainGame\Object\Skill</Filter>
    </ClInclude>
    <ClInclude Include="Skill_SummonIceSpear.h">
      <Filter>MainGame\Object\Skill</Filter>
    </ClInclude>
    <ClInclude Include="Scene_House.h">
      <Filter>MainGame\Scene</Filter>
    </ClInclude>
    <ClInclude Include="Load_Image.h">
      <Filter>FrameWork\Load</Filter>
    </ClInclude>
    <ClInclude Include="Scene_TitleScene.h">
      <Filter>MainGame\Scene</Filter>
    </ClInclude>
    <ClInclude Include="Effect_ShorkWave.h">
      <Filter>MainGame\Object\Effect</Filter>
    </ClInclude>
    <ClInclude Include="Effect_FireParticle.h">
      <Filter>MainGame\Object\Effect</Filter>
    </ClInclude>
    <ClInclude Include="Effect_IceBreakParticle.h">
      <Filter>MainGame\Object\Effect</Filter>
    </ClInclude>
    <ClInclude Include="Skill_MonsterBigSlash.h">
      <Filter>MainGame\Object\Skill</Filter>
    </ClInclude>
    <ClInclude Include="ParticleManager.h">
      <Filter>MainGame\Object\ParticleManager</Filter>
    </ClInclude>
    <ClInclude Include="Effect_WaterExplosion.h">
      <Filter>MainGame\Object\Effect</Filter>
    </ClInclude>
    <ClInclude Include="Effect_WaterFormParticle.h">
      <Filter>MainGame\Object\Effect</Filter>
    </ClInclude>
    <ClInclude Include="Skill_DragonArc.h">
      <Filter>MainGame\Object\Skill</Filter>
    </ClInclude>
    <ClInclude Include="Skill_MonsterMiddleSlash.h">
      <Filter>MainGame\Object\Skill</Filter>
    </ClInclude>
    <ClInclude Include="Skill_MonsterSmallSlash.h">
      <Filter>MainGame\Object\Skill</Filter>
    </ClInclude>
    <ClInclude Include="Skill_Spear.h">
      <Filter>MainGame\Object\Skill</Filter>
    </ClInclude>
    <ClInclude Include="Skill_SpearWave.h">
      <Filter>MainGame\Object\Skill</Filter>
    </ClInclude>
    <ClInclude Include="Skill_WaterBall.h">
      <Filter>MainGame\Object\Skill</Filter>
    </ClInclude>
    <ClInclude Include="MouseTracker.h">
      <Filter>MainGame\Object\UI</Filter>
    </ClInclude>
    <ClInclude Include="PlayerNormalShadow.h">
      <Filter>MainGame\Object\UI</Filter>
    </ClInclude>
    <ClInclude Include="PlayerWideShadow.h">
      <Filter>MainGame\Object\UI</Filter>
    </ClInclude>
    <ClInclude Include="PlayerHeightShadow.h">
      <Filter>MainGame\Object\UI</Filter>
    </ClInclude>
    <ClInclude Include="Effect_DashEffect.h">
      <Filter>MainGame\Object\Effect</Filter>
    </ClInclude>
    <ClInclude Include="RandomMapGeneration.h">
      <Filter>MainGame\RandomMapGeneration</Filter>
    </ClInclude>
    <ClInclude Include="Effect_EnemyCreate.h">
      <Filter>MainGame\Object\Effect</Filter>
    </ClInclude>
    <ClInclude Include="Effect_Smoke.h">
      <Filter>MainGame\Object\Effect</Filter>
    </ClInclude>
    <ClInclude Include="UI_SpellBook.h">
      <Filter>MainGame\Object\UI</Filter>
    </ClInclude>
    <ClInclude Include="UserInterface.h">
      <Filter>MainGame\Object\UserInterface</Filter>
    </ClInclude>
    <ClInclude Include="Scene_Boss.h">
      <Filter>MainGame\Scene</Filter>
    </ClInclude>
    <ClInclude Include="Scene_Field.h">
      <Filter>MainGame\Scene</Filter>
    </ClInclude>
    <ClInclude Include="LoadingScene.h">
      <Filter>FrameWork\Scene</Filter>
    </ClInclude>
    <ClInclude Include="Scene_Loading.h">
      <Filter>MainGame\Scene</Filter>
    </ClInclude>
    <ClInclude Include="UI_SkillChangeInterface.h">
      <Filter>MainGame\Object\UI</Filter>
    </ClInclude>
    <ClInclude Include="Skill_ThunderBolt.h">
      <Filter>MainGame\Object\Skill</Filter>
    </ClInclude>
    <ClInclude Include="SkillBook.h">
      <Filter>MainGame\Object\NPC</Filter>
    </ClInclude>
    <ClInclude Include="Effect_Teleport.h">
      <Filter>MainGame\Object\Effect</Filter>
    </ClInclude>
    <ClInclude Include="SoundSet.h">
      <Filter>FrameWork\Soundset</Filter>
    </ClInclude>
    <ClInclude Include="UI_ESC.h">
      <Filter>MainGame\Object\UI</Filter>
    </ClInclude>
    <ClInclude Include="Monster_CrowScare.h">
      <Filter>MainGame\Object\Enemy</Filter>
    </ClInclude>
    <ClInclude Include="Effect_Number.h">
      <Filter>MainGame\Object\Effect</Filter>
    </ClInclude>
    <ClInclude Include="Skill_LightRing.h">
      <Filter>MainGame\Object\Skill</Filter>
    </ClInclude>
    <ClInclude Include="Effect_ElectEffect.h">
      <Filter>MainGame\Object\Effect</Filter>
    </ClInclude>
    <ClInclude Include="Scene_Ending.h">
      <Filter>MainGame\Scene</Filter>
    </ClInclude>
    <ClInclude Include="Storage.h">
      <Filter>MainGame\Object\Storage</Filter>
    </ClInclude>
  </ItemGroup>
  <ItemGroup>
    <ClCompile Include="01_WinMain.cpp">
      <Filter>소스 파일</Filter>
    </ClCompile>
    <ClCompile Include="MainGame.cpp">
      <Filter>MainGame</Filter>
    </ClCompile>
    <ClCompile Include="MainGame + MainProc.cpp">
      <Filter>MainGame</Filter>
    </ClCompile>
    <ClCompile Include="Random.cpp">
      <Filter>FrameWork\Random</Filter>
    </ClCompile>
    <ClCompile Include="Input.cpp">
      <Filter>FrameWork\Input</Filter>
    </ClCompile>
    <ClCompile Include="Image.cpp">
      <Filter>FrameWork\Image</Filter>
    </ClCompile>
    <ClCompile Include="Math.cpp">
      <Filter>FrameWork\Math</Filter>
    </ClCompile>
    <ClCompile Include="ImageManager.cpp">
      <Filter>FrameWork\ImageManager</Filter>
    </ClCompile>
    <ClCompile Include="GameObject.cpp">
      <Filter>FrameWork\GameObject</Filter>
    </ClCompile>
    <ClCompile Include="Camera.cpp">
      <Filter>FrameWork\Camera</Filter>
    </ClCompile>
    <ClCompile Include="CameraManager.cpp">
      <Filter>FrameWork\Camera</Filter>
    </ClCompile>
    <ClCompile Include="Time.cpp">
      <Filter>FrameWork\Time</Filter>
    </ClCompile>
    <ClCompile Include="SoundPlayer.cpp">
      <Filter>FrameWork\SoundManager</Filter>
    </ClCompile>
    <ClCompile Include="ObjectManager.cpp">
      <Filter>FrameWork\ObjectManager</Filter>
    </ClCompile>
    <ClCompile Include="Scene.cpp">
      <Filter>FrameWork\Scene</Filter>
    </ClCompile>
    <ClCompile Include="pch.cpp">
      <Filter>소스 파일</Filter>
    </ClCompile>
    <ClCompile Include="SceneManager.cpp">
      <Filter>FrameWork\Scene</Filter>
    </ClCompile>
    <ClCompile Include="Animation.cpp">
      <Filter>FrameWork\Animation</Filter>
    </ClCompile>
    <ClCompile Include="GameEvent.cpp">
      <Filter>FrameWork\GameEvent</Filter>
    </ClCompile>
    <ClCompile Include="GameEventManager.cpp">
      <Filter>FrameWork\GameEvent</Filter>
    </ClCompile>
    <ClCompile Include="Tile.cpp">
      <Filter>MainGame\Tile</Filter>
    </ClCompile>
    <ClCompile Include="ICommand.cpp">
      <Filter>FrameWork\Command</Filter>
    </ClCompile>
    <ClCompile Include="TilePallete.cpp">
      <Filter>MainGame\Tile</Filter>
    </ClCompile>
    <ClCompile Include="Gizmo.cpp">
      <Filter>FrameWork\Gizmo</Filter>
    </ClCompile>
    <ClCompile Include="D2DRenderer.cpp">
      <Filter>FrameWork\D2D</Filter>
    </ClCompile>
    <ClCompile Include="D2DRenderer+Draw.cpp">
      <Filter>FrameWork\D2D</Filter>
    </ClCompile>
    <ClCompile Include="Vector2.cpp">
      <Filter>FrameWork\Math</Filter>
    </ClCompile>
    <ClCompile Include="Scene_MapTool.cpp">
      <Filter>MainGame\Scene</Filter>
    </ClCompile>
    <ClCompile Include="Button.cpp">
      <Filter>MainGame\Object\Button</Filter>
    </ClCompile>
    <ClCompile Include="Scene_Tutorial.cpp">
      <Filter>MainGame\Scene</Filter>
    </ClCompile>
    <ClCompile Include="Player.cpp">
      <Filter>MainGame\Object\Player</Filter>
    </ClCompile>
    <ClCompile Include="SkillManager.cpp">
      <Filter>MainGame\Object\SkillManager</Filter>
    </ClCompile>
    <ClCompile Include="Structure.cpp">
      <Filter>MainGame\Object\Structure</Filter>
    </ClCompile>
    <ClCompile Include="MovingObject.cpp">
      <Filter>FrameWork\MovingObject</Filter>
    </ClCompile>
    <ClCompile Include="MonsterObject.cpp">
      <Filter>MainGame\Object\Enemy\MonsetObject</Filter>
    </ClCompile>
    <ClCompile Include="TileMap.cpp">
      <Filter>MainGame\Tile</Filter>
    </ClCompile>
    <ClCompile Include="Monster_FireBoss.cpp">
      <Filter>MainGame\Object\Enemy\FireBoss</Filter>
    </ClCompile>
    <ClCompile Include="Skill_FireBall.cpp">
      <Filter>MainGame\Object\Skill</Filter>
    </ClCompile>
    <ClCompile Include="Skill_Flame.cpp">
      <Filter>MainGame\Object\Skill</Filter>
    </ClCompile>
    <ClCompile Include="PathFinder.cpp">
      <Filter>FrameWork\PathFinder</Filter>
    </ClCompile>
    <ClCompile Include="Effect_BurnMark.cpp">
      <Filter>MainGame\Object\Effect</Filter>
    </ClCompile>
    <ClCompile Include="Effect_FireWing.cpp">
      <Filter>MainGame\Object\Effect</Filter>
    </ClCompile>
    <ClCompile Include="Effect_HitSpark.cpp">
      <Filter>MainGame\Object\Effect</Filter>
    </ClCompile>
    <ClCompile Include="Effect_MagicCircle.cpp">
      <Filter>MainGame\Object\Effect</Filter>
    </ClCompile>
    <ClCompile Include="Skill_Meteor.cpp">
      <Filter>MainGame\Object\Skill</Filter>
    </ClCompile>
    <ClCompile Include="Monster_BigZombie.cpp">
      <Filter>MainGame\Object\Enemy</Filter>
    </ClCompile>
    <ClCompile Include="Monster_Golem.cpp">
      <Filter>MainGame\Object\Enemy</Filter>
    </ClCompile>
    <ClCompile Include="Monster_Mazition.cpp">
      <Filter>MainGame\Object\Enemy</Filter>
    </ClCompile>
    <ClCompile Include="Monster_MazitionBullet.cpp">
      <Filter>MainGame\Object\Enemy</Filter>
    </ClCompile>
    <ClCompile Include="Monster_MuscleMan.cpp">
      <Filter>MainGame\Object\Enemy</Filter>
    </ClCompile>
    <ClCompile Include="Monster_RapidZombie.cpp">
      <Filter>MainGame\Object\Enemy</Filter>
    </ClCompile>
    <ClCompile Include="Monster_Slime.cpp">
      <Filter>MainGame\Object\Enemy</Filter>
    </ClCompile>
    <ClCompile Include="Monster_SpearMan.cpp">
      <Filter>MainGame\Object\Enemy</Filter>
    </ClCompile>
    <ClCompile Include="Monster_Ward.cpp">
      <Filter>MainGame\Object\Enemy</Filter>
    </ClCompile>
    <ClCompile Include="Monster_Zombie.cpp">
      <Filter>MainGame\Object\Enemy</Filter>
    </ClCompile>
    <ClCompile Include="Skill_IceSword.cpp">
      <Filter>MainGame\Object\Skill</Filter>
    </ClCompile>
    <ClCompile Include="Skill_WindSlash.cpp">
      <Filter>MainGame\Object\Skill</Filter>
    </ClCompile>
    <ClCompile Include="SkillObject.cpp">
      <Filter>MainGame\Object\Skill</Filter>
    </ClCompile>
    <ClCompile Include="Skill_IceSpear.cpp">
      <Filter>MainGame\Object\Skill</Filter>
    </ClCompile>
    <ClCompile Include="Skill_SummonIceSpear.cpp">
      <Filter>MainGame\Object\Skill</Filter>
    </ClCompile>
    <ClCompile Include="Scene_House.cpp">
      <Filter>MainGame\Scene</Filter>
    </ClCompile>
    <ClCompile Include="Load_Image.cpp">
      <Filter>FrameWork\Load</Filter>
    </ClCompile>
    <ClCompile Include="Scene_TitleScene.cpp">
      <Filter>MainGame\Scene</Filter>
    </ClCompile>
    <ClCompile Include="Effect_ShorkWave.cpp">
      <Filter>MainGame\Object\Effect</Filter>
    </ClCompile>
    <ClCompile Include="Effect_FireParticle.cpp">
      <Filter>MainGame\Object\Effect</Filter>
    </ClCompile>
    <ClCompile Include="Effect_IceBreakParticle.cpp">
      <Filter>MainGame\Object\Effect</Filter>
    </ClCompile>
    <ClCompile Include="Skill_MonsterBigSlash.cpp">
      <Filter>MainGame\Object\Skill</Filter>
    </ClCompile>
    <ClCompile Include="ParticleManager.cpp">
      <Filter>MainGame\Object\ParticleManager</Filter>
    </ClCompile>
    <ClCompile Include="Effect_WaterExplosion.cpp">
      <Filter>MainGame\Object\Effect</Filter>
    </ClCompile>
    <ClCompile Include="Effect_WaterFormParticle.cpp">
      <Filter>MainGame\Object\Effect</Filter>
    </ClCompile>
    <ClCompile Include="Skill_DragonArc.cpp">
      <Filter>MainGame\Object\Skill</Filter>
    </ClCompile>
    <ClCompile Include="Skill_MonsterMiddleSlash.cpp">
      <Filter>MainGame\Object\Skill</Filter>
    </ClCompile>
    <ClCompile Include="Skill_MonsterSmallSlash.cpp">
      <Filter>MainGame\Object\Skill</Filter>
    </ClCompile>
    <ClCompile Include="Skill_Spear.cpp">
      <Filter>MainGame\Object\Skill</Filter>
    </ClCompile>
    <ClCompile Include="Skill_SpearWave.cpp">
      <Filter>MainGame\Object\Skill</Filter>
    </ClCompile>
    <ClCompile Include="Skill_WaterBall.cpp">
      <Filter>MainGame\Object\Skill</Filter>
    </ClCompile>
    <ClCompile Include="MouseTracker.cpp">
      <Filter>MainGame\Object\UI</Filter>
    </ClCompile>
    <ClCompile Include="PlayerNormalShadow.cpp">
      <Filter>MainGame\Object\UI</Filter>
    </ClCompile>
    <ClCompile Include="PlayerWideShadow.cpp">
      <Filter>MainGame\Object\UI</Filter>
    </ClCompile>
    <ClCompile Include="PlayerHeightShadow.cpp">
      <Filter>MainGame\Object\UI</Filter>
    </ClCompile>
    <ClCompile Include="Effect_DashEffect.cpp">
      <Filter>MainGame\Object\Effect</Filter>
    </ClCompile>
    <ClCompile Include="RandomMapGeneration.cpp">
      <Filter>MainGame\RandomMapGeneration</Filter>
    </ClCompile>
    <ClCompile Include="Effect_EnemyCreate.cpp">
      <Filter>MainGame\Object\Effect</Filter>
    </ClCompile>
    <ClCompile Include="Effect_Smoke.cpp">
      <Filter>MainGame\Object\Effect</Filter>
    </ClCompile>
    <ClCompile Include="UI_SpellBook.cpp">
      <Filter>MainGame\Object\UI</Filter>
    </ClCompile>
    <ClCompile Include="UserInterface.cpp">
      <Filter>MainGame\Object\UserInterface</Filter>
    </ClCompile>
    <ClCompile Include="Scene_Boss.cpp">
      <Filter>MainGame\Scene</Filter>
    </ClCompile>
    <ClCompile Include="Scene_Field.cpp">
      <Filter>MainGame\Scene</Filter>
    </ClCompile>
    <ClCompile Include="LoadingScene.cpp">
      <Filter>FrameWork\Scene</Filter>
    </ClCompile>
    <ClCompile Include="Scene_Loading.cpp">
      <Filter>MainGame\Scene</Filter>
    </ClCompile>
    <ClCompile Include="UI_SkillChangeInterface.cpp">
      <Filter>MainGame\Object\UI</Filter>
    </ClCompile>
    <ClCompile Include="Skill_ThunderBolt.cpp">
      <Filter>MainGame\Object\Skill</Filter>
    </ClCompile>
    <ClCompile Include="SkillBook.cpp">
      <Filter>MainGame\Object\NPC</Filter>
    </ClCompile>
    <ClCompile Include="Effect_Teleport.cpp">
      <Filter>MainGame\Object\Effect</Filter>
    </ClCompile>
    <ClCompile Include="SoundSet.cpp">
      <Filter>FrameWork\Soundset</Filter>
    </ClCompile>
    <ClCompile Include="UI_ESC.cpp">
      <Filter>MainGame\Object\UI</Filter>
    </ClCompile>
    <ClCompile Include="Monster_SwoardMan.cpp">
      <Filter>MainGame\Object\Enemy</Filter>
    </ClCompile>
    <ClCompile Include="Monster_CrowScare.cpp">
      <Filter>MainGame\Object\Enemy</Filter>
    </ClCompile>
    <ClCompile Include="Effect_Number.cpp">
      <Filter>MainGame\Object\Effect</Filter>
    </ClCompile>
    <ClCompile Include="Skill_LightRing.cpp">
      <Filter>MainGame\Object\Skill</Filter>
    </ClCompile>
    <ClCompile Include="Effect_ElectEffect.cpp">
      <Filter>MainGame\Object\Effect</Filter>
    </ClCompile>
    <ClCompile Include="Scene_Ending.cpp">
      <Filter>MainGame\Scene</Filter>
    </ClCompile>
    <ClCompile Include="Storage.cpp">
      <Filter>MainGame\Object\Storage</Filter>
    </ClCompile>
  </ItemGroup>
  <ItemGroup>
    <ResourceCompile Include="01_WinMain.rc">
      <Filter>리소스 파일</Filter>
    </ResourceCompile>
  </ItemGroup>
  <ItemGroup>
    <Image Include="small.ico">
      <Filter>리소스 파일</Filter>
    </Image>
    <Image Include="01_WinMain.ico">
      <Filter>리소스 파일</Filter>
    </Image>
    <Image Include="..\02_Resources\Icon.ico">
      <Filter>리소스 파일</Filter>
    </Image>
    <Image Include="Icon.ico">
      <Filter>리소스 파일</Filter>
    </Image>
  </ItemGroup>
</Project>